
Microsoft Visual Studio Solution File, Format Version 12.00
# Visual Studio Version 16
VisualStudioVersion = 16.0.32228.343
MinimumVisualStudioVersion = 10.0.40219.1
Project("{FAE04EC0-301F-11D3-BF4B-00C04F79EFBC}") = "Calculator", "Calculator\Calculator.csproj", "{66449702-7D80-4A44-B3F2-8FEA446E297C}"
EndProject
Global
	GlobalSection(SolutionConfigurationPlatforms) = preSolution
		Debug|Any CPU = Debug|Any CPU
		Release|Any CPU = Release|Any CPU
	EndGlobalSection
	GlobalSection(ProjectConfigurationPlatforms) = postSolution
		{66449702-7D80-4A44-B3F2-8FEA446E297C}.Debug|Any CPU.ActiveCfg = Debug|Any CPU
		{66449702-7D80-4A44-B3F2-8FEA446E297C}.Debug|Any CPU.Build.0 = Debug|Any CPU
		{66449702-7D80-4A44-B3F2-8FEA446E297C}.Release|Any CPU.ActiveCfg = Release|Any CPU
		{66449702-7D80-4A44-B3F2-8FEA446E297C}.Release|Any CPU.Build.0 = Release|Any CPU
	EndGlobalSection
	GlobalSection(SolutionProperties) = preSolution
		HideSolutionNode = FALSE
	EndGlobalSection
	GlobalSection(ExtensibilityGlobals) = postSolution
		SolutionGuid = {3A575B34-F42C-4636-B4AD-F72E8CCCA637}
	EndGlobalSection
EndGlobal
